{
  "name": "sudoku",
  "version": "1.0.0",
  "lockfileVersion": 3,
  "requires": true,
  "packages": {
    "": {
      "name": "sudoku",
      "version": "1.0.0",
      "license": "ISC",
      "devDependencies": {
        "@elbrus/eslint-config": "^1.0.0",
        "@eslint/js": "^9.12.0",
        "eslint": "^9.12.0",
